
Microsoft Visual Studio Solution File, Format Version 12.00
# Visual Studio 15
VisualStudioVersion = 15.0.26403.3
MinimumVisualStudioVersion = 10.0.40219.1
Project("{FAE04EC0-301F-11D3-BF4B-00C04F79EFBC}") = "Identity.Web", "MyProject.Web\Identity.Web.csproj", "{57153B21-1422-4D30-B34D-04B3F6F3E2C5}"
EndProject
Project("{FAE04EC0-301F-11D3-BF4B-00C04F79EFBC}") = "Identity.ServicesLibrary", "MyProject.ServicesLibrary\Identity.ServicesLibrary.csproj", "{102468FF-B90F-4019-9FB0-BE310E2B1A68}"
EndProject
Project("{FAE04EC0-301F-11D3-BF4B-00C04F79EFBC}") = "Identity.ModelsLibrary", "MyProject.ModelsLibrary\Identity.ModelsLibrary.csproj", "{D483FC87-F5FE-4659-B2C7-424BDC4E4A12}"
EndProject
Project("{FAE04EC0-301F-11D3-BF4B-00C04F79EFBC}") = "Identity.ApiLibrary", "MyProject.LogicLibrary\Identity.ApiLibrary.csproj", "{9FE8D07A-1562-4B87-8217-E3D0CDB78E55}"
EndProject
Project("{FAE04EC0-301F-11D3-BF4B-00C04F79EFBC}") = "Identity.IdentityLibrary", "MyProject.IdentityLibrary\Identity.IdentityLibrary.csproj", "{8F8FAC56-4114-4568-9572-82336C9390A1}"
EndProject
Project("{FAE04EC0-301F-11D3-BF4B-00C04F79EFBC}") = "Identity.DataLibrary", "MyProject.DataLibrary\Identity.DataLibrary.csproj", "{6C06E3EF-8E59-4B4C-9A2F-0795171DFC4B}"
EndProject
Global
	GlobalSection(SolutionConfigurationPlatforms) = preSolution
		Debug|Any CPU = Debug|Any CPU
		Release|Any CPU = Release|Any CPU
	EndGlobalSection
	GlobalSection(ProjectConfigurationPlatforms) = postSolution
		{57153B21-1422-4D30-B34D-04B3F6F3E2C5}.Debug|Any CPU.ActiveCfg = Debug|Any CPU
		{57153B21-1422-4D30-B34D-04B3F6F3E2C5}.Debug|Any CPU.Build.0 = Debug|Any CPU
		{57153B21-1422-4D30-B34D-04B3F6F3E2C5}.Release|Any CPU.ActiveCfg = Release|Any CPU
		{57153B21-1422-4D30-B34D-04B3F6F3E2C5}.Release|Any CPU.Build.0 = Release|Any CPU
		{102468FF-B90F-4019-9FB0-BE310E2B1A68}.Debug|Any CPU.ActiveCfg = Debug|Any CPU
		{102468FF-B90F-4019-9FB0-BE310E2B1A68}.Debug|Any CPU.Build.0 = Debug|Any CPU
		{102468FF-B90F-4019-9FB0-BE310E2B1A68}.Release|Any CPU.ActiveCfg = Release|Any CPU
		{102468FF-B90F-4019-9FB0-BE310E2B1A68}.Release|Any CPU.Build.0 = Release|Any CPU
		{D483FC87-F5FE-4659-B2C7-424BDC4E4A12}.Debug|Any CPU.ActiveCfg = Debug|Any CPU
		{D483FC87-F5FE-4659-B2C7-424BDC4E4A12}.Debug|Any CPU.Build.0 = Debug|Any CPU
		{D483FC87-F5FE-4659-B2C7-424BDC4E4A12}.Release|Any CPU.ActiveCfg = Release|Any CPU
		{D483FC87-F5FE-4659-B2C7-424BDC4E4A12}.Release|Any CPU.Build.0 = Release|Any CPU
		{9FE8D07A-1562-4B87-8217-E3D0CDB78E55}.Debug|Any CPU.ActiveCfg = Debug|Any CPU
		{9FE8D07A-1562-4B87-8217-E3D0CDB78E55}.Debug|Any CPU.Build.0 = Debug|Any CPU
		{9FE8D07A-1562-4B87-8217-E3D0CDB78E55}.Release|Any CPU.ActiveCfg = Release|Any CPU
		{9FE8D07A-1562-4B87-8217-E3D0CDB78E55}.Release|Any CPU.Build.0 = Release|Any CPU
		{8F8FAC56-4114-4568-9572-82336C9390A1}.Debug|Any CPU.ActiveCfg = Debug|Any CPU
		{8F8FAC56-4114-4568-9572-82336C9390A1}.Debug|Any CPU.Build.0 = Debug|Any CPU
		{8F8FAC56-4114-4568-9572-82336C9390A1}.Release|Any CPU.ActiveCfg = Release|Any CPU
		{8F8FAC56-4114-4568-9572-82336C9390A1}.Release|Any CPU.Build.0 = Release|Any CPU
		{6C06E3EF-8E59-4B4C-9A2F-0795171DFC4B}.Debug|Any CPU.ActiveCfg = Debug|Any CPU
		{6C06E3EF-8E59-4B4C-9A2F-0795171DFC4B}.Debug|Any CPU.Build.0 = Debug|Any CPU
		{6C06E3EF-8E59-4B4C-9A2F-0795171DFC4B}.Release|Any CPU.ActiveCfg = Release|Any CPU
		{6C06E3EF-8E59-4B4C-9A2F-0795171DFC4B}.Release|Any CPU.Build.0 = Release|Any CPU
	EndGlobalSection
	GlobalSection(SolutionProperties) = preSolution
		HideSolutionNode = FALSE
	EndGlobalSection
	GlobalSection(ExtensibilityGlobals) = postSolution
		SolutionGuid = {1AD33473-D4D4-4E24-A676-D8C06C050E5D}
	EndGlobalSection
EndGlobal
